PODS:
  - HMSegmentedControl (1.5.4)
  - MJRefresh (3.1.15.3)
  - SDWebImage (3.8.2):
    - SDWebImage/Core (= 3.8.2)
  - SDWebImage/Core (3.8.2)
  - ZYModule (1.0.3):
    - ZYModule/DiyMJRefresh (= 1.0.3)
    - ZYModule/SEHttp (= 1.0.3)
    - ZYModule/ZYExtenClass (= 1.0.3)
    - ZYModule/ZYToolsFunction (= 1.0.3)
  - ZYModule/DiyMJRefresh (1.0.3):
    - MJRefresh
  - ZYModule/SEHttp (1.0.3)
  - ZYModule/ZYExtenClass (1.0.3)
  - ZYModule/ZYToolsFunction (1.0.3)

DEPENDENCIES:
  - HMSegmentedControl
  - SDWebImage (~> 3.8.1)
  - ZYModule

SPEC CHECKSUMS:
  HMSegmentedControl: b25bc4ec44766e073d62c473188fb354ee244b76
  MJRefresh: b48380ae2b927b46c4ef000de9adb8dc748e1df7
  SDWebImage: 098e97e6176540799c27e804c96653ee0833d13c
  ZYModule: 81a99659b047d8123a847e449c666c3255cb36d4

PODFILE CHECKSUM: 02adee3a6ff1b4e85cbf1f35681a1da7101774e8

COCOAPODS: 1.3.1
