PODS:
  - AFNetworking (3.2.1):
    - AFNetworking/NSURLSession (= 3.2.1)
    - AFNetworking/Reachability (= 3.2.1)
    - AFNetworking/Security (= 3.2.1)
    - AFNetworking/Serialization (= 3.2.1)
    - AFNetworking/UIKit (= 3.2.1)
  - AFNetworking/NSURLSession (3.2.1):
    - AFNetworking/Reachability
    - AFNetworking/Security
    - AFNetworking/Serialization
  - AFNetworking/Reachability (3.2.1)
  - AFNetworking/Security (3.2.1)
  - AFNetworking/Serialization (3.2.1)
  - AFNetworking/UIKit (3.2.1):
    - AFNetworking/NSURLSession
  - DACircularProgress (2.3.1)
  - HMSegmentedControl (1.5.5)
  - MBProgressHUD (0.9.2)
  - MJRefresh (3.1.15.6)
  - MWPhotoBrowser (2.1.2):
    - DACircularProgress (~> 2.3)
    - MBProgressHUD (~> 0.9)
    - "SDWebImage (!= 3.7.2, ~> 3.7)"
  - SDWebImage (3.8.2):
    - SDWebImage/Core (= 3.8.2)
  - SDWebImage/Core (3.8.2)
  - ZYModule (1.0.3):
    - ZYModule/DiyMJRefresh (= 1.0.3)
    - ZYModule/SEHttp (= 1.0.3)
    - ZYModule/ZYExtenClass (= 1.0.3)
    - ZYModule/ZYToolsFunction (= 1.0.3)
  - ZYModule/DiyMJRefresh (1.0.3):
    - MJRefresh
  - ZYModule/SEHttp (1.0.3)
  - ZYModule/ZYExtenClass (1.0.3)
  - ZYModule/ZYToolsFunction (1.0.3)

DEPENDENCIES:
  - AFNetworking
  - HMSegmentedControl
  - MWPhotoBrowser
  - SDWebImage (~> 3.8.1)
  - ZYModule

SPEC REPOS:
  https://github.com/cocoapods/specs.git:
    - AFNetworking
    - DACircularProgress
    - HMSegmentedControl
    - MBProgressHUD
    - MJRefresh
    - MWPhotoBrowser
    - SDWebImage
    - ZYModule

SPEC CHECKSUMS:
  AFNetworking: b6f891fdfaed196b46c7a83cf209e09697b94057
  DACircularProgress: 4dd437c0fc3da5161cb289e07ac449493d41db71
  HMSegmentedControl: f514c6dad47aa3065e0ed2e8046b73efc71221b9
  MBProgressHUD: 1569cf7ace17a8bac47aabfbb8580a49690386d1
  MJRefresh: 0efa19656679d70a0f47cbe76e56c2271fe53a97
  MWPhotoBrowser: 5836d7aa041dc05a13de380c246826578adc5ea5
  SDWebImage: 098e97e6176540799c27e804c96653ee0833d13c
  ZYModule: 81a99659b047d8123a847e449c666c3255cb36d4

PODFILE CHECKSUM: 05ea9fb38f89ee3cdde5f046af165d6b133bf1f4

COCOAPODS: 1.5.3
