// !$*UTF8*$!
{
	archiveVersion = 1;
	classes = {
	};
	objectVersion = 46;
	objects = {

/* Begin PBXBuildFile section */
		1AE7FD1C1F18B466002666DA /* main.m in Sources */ = {isa = PBXBuildFile; fileRef = 1AE7FD1B1F18B466002666DA /* main.m */; };
		1AE7FD1F1F18B466002666DA /* AppDelegate.m in Sources */ = {isa = PBXBuildFile; fileRef = 1AE7FD1E1F18B466002666DA /* AppDelegate.m */; };
		1AE7FD271F18B466002666DA /* Assets.xcassets in Resources */ = {isa = PBXBuildFile; fileRef = 1AE7FD261F18B466002666DA /* Assets.xcassets */; };
		1AE7FD2A1F18B466002666DA /* LaunchScreen.storyboard in Resources */ = {isa = PBXBuildFile; fileRef = 1AE7FD281F18B466002666DA /* LaunchScreen.storyboard */; };
		1AE7FD351F18B466002666DA /* StickFigureTests.m in Sources */ = {isa = PBXBuildFile; fileRef = 1AE7FD341F18B466002666DA /* StickFigureTests.m */; };
		1AE7FD401F18B466002666DA /* StickFigureUITests.m in Sources */ = {isa = PBXBuildFile; fileRef = 1AE7FD3F1F18B466002666DA /* StickFigureUITests.m */; };
		1AE7FD4E1F18BDC2002666DA /* StickFigure.storyboard in Resources */ = {isa = PBXBuildFile; fileRef = 1AE7FD4D1F18BDC2002666DA /* StickFigure.storyboard */; };
		1AE7FD511F18BDDE002666DA /* StickFigureViewController.m in Sources */ = {isa = PBXBuildFile; fileRef = 1AE7FD501F18BDDE002666DA /* StickFigureViewController.m */; };
		1AE7FD581F18C46C002666DA /* StickTypeCollectionViewCell.m in Sources */ = {isa = PBXBuildFile; fileRef = 1AE7FD571F18C46C002666DA /* StickTypeCollectionViewCell.m */; };
		DE83A245213E117400DC887D /* SEUpDownAPI.m in Sources */ = {isa = PBXBuildFile; fileRef = DE83A240213E117400DC887D /* SEUpDownAPI.m */; };
		DE83A246213E117400DC887D /* ZYHttpAPI.m in Sources */ = {isa = PBXBuildFile; fileRef = DE83A241213E117400DC887D /* ZYHttpAPI.m */; };
		DE98CBF22143671C00F351F4 /* DiyMjRefresh.m in Sources */ = {isa = PBXBuildFile; fileRef = DE98CBF12143671C00F351F4 /* DiyMjRefresh.m */; };
		DE98CBF52143694E00F351F4 /* DiyMjRefreshFooter.m in Sources */ = {isa = PBXBuildFile; fileRef = DE98CBF42143694E00F351F4 /* DiyMjRefreshFooter.m */; };
		DE98CBF82143779F00F351F4 /* ListCollectionView.m in Sources */ = {isa = PBXBuildFile; fileRef = DE98CBF72143779F00F351F4 /* ListCollectionView.m */; };
		DEA92B5121421E4500D90F3B /* UpMyStickViewController.m in Sources */ = {isa = PBXBuildFile; fileRef = DEA92B5021421E4500D90F3B /* UpMyStickViewController.m */; };
		DEA92B542142208C00D90F3B /* UpMyCollectionViewCell.m in Sources */ = {isa = PBXBuildFile; fileRef = DEA92B532142208C00D90F3B /* UpMyCollectionViewCell.m */; };
		DEA92B60214231A400D90F3B /* SignViewController.m in Sources */ = {isa = PBXBuildFile; fileRef = DEA92B57214231A400D90F3B /* SignViewController.m */; };
		DEA92B61214231A400D90F3B /* StartSB.storyboard in Resources */ = {isa = PBXBuildFile; fileRef = DEA92B5B214231A400D90F3B /* StartSB.storyboard */; };
		DEA92B63214231A400D90F3B /* LoginManagerModel.m in Sources */ = {isa = PBXBuildFile; fileRef = DEA92B5D214231A400D90F3B /* LoginManagerModel.m */; };
		DEA92B6621423C7100D90F3B /* RegisterViewController.m in Sources */ = {isa = PBXBuildFile; fileRef = DEA92B6421423C7100D90F3B /* RegisterViewController.m */; };
		DEA92B6A214253CE00D90F3B /* UserProfile.m in Sources */ = {isa = PBXBuildFile; fileRef = DEA92B69214253CE00D90F3B /* UserProfile.m */; };
		DEA92B6E2142798F00D90F3B /* StickFigureImgObj.m in Sources */ = {isa = PBXBuildFile; fileRef = DEA92B6D2142798F00D90F3B /* StickFigureImgObj.m */; };
		DEA92B722142801700D90F3B /* DropDownMenuList.m in Sources */ = {isa = PBXBuildFile; fileRef = DEA92B712142801700D90F3B /* DropDownMenuList.m */; };
		DEDF672B2142BA4400B0F48B /* MyWorkViewController.m in Sources */ = {isa = PBXBuildFile; fileRef = DEDF672A2142BA4400B0F48B /* MyWorkViewController.m */; };
		DEDF672F2142C01800B0F48B /* MyWorkCollectionViewCell.m in Sources */ = {isa = PBXBuildFile; fileRef = DEDF672E2142C01800B0F48B /* MyWorkCollectionViewCell.m */; };
		DEEF62152140F262003ECBB5 /* CYLPlusButtonSubclass.m in Sources */ = {isa = PBXBuildFile; fileRef = DEEF62142140F262003ECBB5 /* CYLPlusButtonSubclass.m */; };
		DEEF621D2140F350003ECBB5 /* RootNavigationViewController.m in Sources */ = {isa = PBXBuildFile; fileRef = DEEF62172140F350003ECBB5 /* RootNavigationViewController.m */; };
		DEEF621E2140F350003ECBB5 /* RootViewController.m in Sources */ = {isa = PBXBuildFile; fileRef = DEEF62182140F350003ECBB5 /* RootViewController.m */; };
		DEEF621F2140F350003ECBB5 /* RootTabBarViewController.m in Sources */ = {isa = PBXBuildFile; fileRef = DEEF62192140F350003ECBB5 /* RootTabBarViewController.m */; };
		DEEF62362140F4B8003ECBB5 /* NSString+Code.m in Sources */ = {isa = PBXBuildFile; fileRef = DEEF62222140F4B6003ECBB5 /* NSString+Code.m */; };
		DEEF62372140F4B8003ECBB5 /* CALayer+Additions.m in Sources */ = {isa = PBXBuildFile; fileRef = DEEF62232140F4B6003ECBB5 /* CALayer+Additions.m */; };
		DEEF62382140F4B8003ECBB5 /* UIViewController+ColorState.m in Sources */ = {isa = PBXBuildFile; fileRef = DEEF62242140F4B6003ECBB5 /* UIViewController+ColorState.m */; };
		DEEF62392140F4B8003ECBB5 /* NSObject+ObjectMap.m in Sources */ = {isa = PBXBuildFile; fileRef = DEEF62292140F4B7003ECBB5 /* NSObject+ObjectMap.m */; };
		DEEF623A2140F4B8003ECBB5 /* UIColor+App.m in Sources */ = {isa = PBXBuildFile; fileRef = DEEF622B2140F4B7003ECBB5 /* UIColor+App.m */; };
		DEEF623B2140F4B8003ECBB5 /* UIImage+Blur.m in Sources */ = {isa = PBXBuildFile; fileRef = DEEF622E2140F4B7003ECBB5 /* UIImage+Blur.m */; };
		DEEF623C2140F4B8003ECBB5 /* UIImageView+ImageDefault.m in Sources */ = {isa = PBXBuildFile; fileRef = DEEF622F2140F4B8003ECBB5 /* UIImageView+ImageDefault.m */; };
		DEEF623E2140F4B8003ECBB5 /* NSDictionary+Accessors.m in Sources */ = {isa = PBXBuildFile; fileRef = DEEF62342140F4B8003ECBB5 /* NSDictionary+Accessors.m */; };
		DEEF623F2140F4B8003ECBB5 /* NSString+FilePath.m in Sources */ = {isa = PBXBuildFile; fileRef = DEEF62352140F4B8003ECBB5 /* NSString+FilePath.m */; };
		DEEF62432140F4EC003ECBB5 /* ToolsFunction.m in Sources */ = {isa = PBXBuildFile; fileRef = DEEF62412140F4EC003ECBB5 /* ToolsFunction.m */; };
		DEEF62492140FB91003ECBB5 /* MySB.storyboard in Resources */ = {isa = PBXBuildFile; fileRef = DEEF62472140FB91003ECBB5 /* MySB.storyboard */; };
		DEEF624A2140FB91003ECBB5 /* MyViewController.m in Sources */ = {isa = PBXBuildFile; fileRef = DEEF62482140FB91003ECBB5 /* MyViewController.m */; };
		DEEF624E21411802003ECBB5 /* PaintingSB.storyboard in Resources */ = {isa = PBXBuildFile; fileRef = DEEF624D21411802003ECBB5 /* PaintingSB.storyboard */; };
		DEEF625121411812003ECBB5 /* PaintingViewController.m in Sources */ = {isa = PBXBuildFile; fileRef = DEEF625021411812003ECBB5 /* PaintingViewController.m */; };
		DEEF6255214123A3003ECBB5 /* ColorBoxModel.m in Sources */ = {isa = PBXBuildFile; fileRef = DEEF6254214123A3003ECBB5 /* ColorBoxModel.m */; };
		DEEF625A21412E14003ECBB5 /* HBDrawingBoard.m in Sources */ = {isa = PBXBuildFile; fileRef = DEEF625921412E13003ECBB5 /* HBDrawingBoard.m */; };
		DEEF625D21412E8B003ECBB5 /* HBDrawModel.m in Sources */ = {isa = PBXBuildFile; fileRef = DEEF625B21412E8B003ECBB5 /* HBDrawModel.m */; };
		DEEF626021412EBC003ECBB5 /* HBDrawPoint.m in Sources */ = {isa = PBXBuildFile; fileRef = DEEF625F21412EBC003ECBB5 /* HBDrawPoint.m */; };
		DEEF626321412F34003ECBB5 /* HBDrawCommon.m in Sources */ = {isa = PBXBuildFile; fileRef = DEEF626121412F33003ECBB5 /* HBDrawCommon.m */; };
		DEEF626621413321003ECBB5 /* NSFileManager+Helper.m in Sources */ = {isa = PBXBuildFile; fileRef = DEEF626521413321003ECBB5 /* NSFileManager+Helper.m */; };
		E45D1CD1C5B626F1892B6610 /* libPods-StickFigure.a in Frameworks */ = {isa = PBXBuildFile; fileRef = 3DF896D53A54B131D97C11D1 /* libPods-StickFigure.a */; };
/* End PBXBuildFile section */

/* Begin PBXContainerItemProxy section */
		1AE7FD311F18B466002666DA /* PBXContainerItemProxy */ = {
			isa = PBXContainerItemProxy;
			containerPortal = 1AE7FD0F1F18B466002666DA /* Project object */;
			proxyType = 1;
			remoteGlobalIDString = 1AE7FD161F18B466002666DA;
			remoteInfo = StickFigure;
		};
		1AE7FD3C1F18B466002666DA /* PBXContainerItemProxy */ = {
			isa = PBXContainerItemProxy;
			containerPortal = 1AE7FD0F1F18B466002666DA /* Project object */;
			proxyType = 1;
			remoteGlobalIDString = 1AE7FD161F18B466002666DA;
			remoteInfo = StickFigure;
		};
/* End PBXContainerItemProxy section */

/* Begin PBXFileReference section */
		1A3EB24E206DD860005822C2 /* StickFigure-Prefix.pch */ = {isa = PBXFileReference; lastKnownFileType = sourcecode.c.h; path = "StickFigure-Prefix.pch"; sourceTree = "<group>"; };
		1AE7FD171F18B466002666DA /* StickFigure.app */ = {isa = PBXFileReference; explicitFileType = wrapper.application; includeInIndex = 0; path = StickFigure.app; sourceTree = BUILT_PRODUCTS_DIR; };
		1AE7FD1B1F18B466002666DA /* main.m */ = {isa = PBXFileReference; lastKnownFileType = sourcecode.c.objc; path = main.m; sourceTree = "<group>"; };
		1AE7FD1D1F18B466002666DA /* AppDelegate.h */ = {isa = PBXFileReference; lastKnownFileType = sourcecode.c.h; path = AppDelegate.h; sourceTree = "<group>"; };
		1AE7FD1E1F18B466002666DA /* AppDelegate.m */ = {isa = PBXFileReference; lastKnownFileType = sourcecode.c.objc; path = AppDelegate.m; sourceTree = "<group>"; };
		1AE7FD261F18B466002666DA /* Assets.xcassets */ = {isa = PBXFileReference; lastKnownFileType = folder.assetcatalog; path = Assets.xcassets; sourceTree = "<group>"; };
		1AE7FD291F18B466002666DA /* Base */ = {isa = PBXFileReference; lastKnownFileType = file.storyboard; name = Base; path = Base.lproj/LaunchScreen.storyboard; sourceTree = "<group>"; };
		1AE7FD2B1F18B466002666DA /* Info.plist */ = {isa = PBXFileReference; lastKnownFileType = text.plist.xml; path = Info.plist; sourceTree = "<group>"; };
		1AE7FD301F18B466002666DA /* StickFigureTests.xctest */ = {isa = PBXFileReference; explicitFileType = wrapper.cfbundle; includeInIndex = 0; path = StickFigureTests.xctest; sourceTree = BUILT_PRODUCTS_DIR; };
		1AE7FD341F18B466002666DA /* StickFigureTests.m */ = {isa = PBXFileReference; lastKnownFileType = sourcecode.c.objc; path = StickFigureTests.m; sourceTree = "<group>"; };
		1AE7FD361F18B466002666DA /* Info.plist */ = {isa = PBXFileReference; lastKnownFileType = text.plist.xml; path = Info.plist; sourceTree = "<group>"; };
		1AE7FD3B1F18B466002666DA /* StickFigureUITests.xctest */ = {isa = PBXFileReference; explicitFileType = wrapper.cfbundle; includeInIndex = 0; path = StickFigureUITests.xctest; sourceTree = BUILT_PRODUCTS_DIR; };
		1AE7FD3F1F18B466002666DA /* StickFigureUITests.m */ = {isa = PBXFileReference; lastKnownFileType = sourcecode.c.objc; path = StickFigureUITests.m; sourceTree = "<group>"; };
		1AE7FD411F18B466002666DA /* Info.plist */ = {isa = PBXFileReference; lastKnownFileType = text.plist.xml; path = Info.plist; sourceTree = "<group>"; };
		1AE7FD4D1F18BDC2002666DA /* StickFigure.storyboard */ = {isa = PBXFileReference; fileEncoding = 4; lastKnownFileType = file.storyboard; path = StickFigure.storyboard; sourceTree = "<group>"; };
		1AE7FD4F1F18BDDE002666DA /* StickFigureViewController.h */ = {isa = PBXFileReference; fileEncoding = 4; lastKnownFileType = sourcecode.c.h; path = StickFigureViewController.h; sourceTree = "<group>"; };
		1AE7FD501F18BDDE002666DA /* StickFigureViewController.m */ = {isa = PBXFileReference; fileEncoding = 4; lastKnownFileType = sourcecode.c.objc; path = StickFigureViewController.m; sourceTree = "<group>"; };
		1AE7FD561F18C46C002666DA /* StickTypeCollectionViewCell.h */ = {isa = PBXFileReference; fileEncoding = 4; lastKnownFileType = sourcecode.c.h; path = StickTypeCollectionViewCell.h; sourceTree = "<group>"; };
		1AE7FD571F18C46C002666DA /* StickTypeCollectionViewCell.m */ = {isa = PBXFileReference; fileEncoding = 4; lastKnownFileType = sourcecode.c.objc; path = StickTypeCollectionViewCell.m; sourceTree = "<group>"; };
		3DF896D53A54B131D97C11D1 /* libPods-StickFigure.a */ = {isa = PBXFileReference; explicitFileType = archive.ar; includeInIndex = 0; path = "libPods-StickFigure.a"; sourceTree = BUILT_PRODUCTS_DIR; };
		498D707326E41C64291E0639 /* Pods-StickFigure.debug.xcconfig */ = {isa = PBXFileReference; includeInIndex = 1; lastKnownFileType = text.xcconfig; name = "Pods-StickFigure.debug.xcconfig"; path = "Pods/Target Support Files/Pods-StickFigure/Pods-StickFigure.debug.xcconfig"; sourceTree = "<group>"; };
		800C73853689F6A2CD59C59E /* Pods-StickFigure.release.xcconfig */ = {isa = PBXFileReference; includeInIndex = 1; lastKnownFileType = text.xcconfig; name = "Pods-StickFigure.release.xcconfig"; path = "Pods/Target Support Files/Pods-StickFigure/Pods-StickFigure.release.xcconfig"; sourceTree = "<group>"; };
		DE83A240213E117400DC887D /* SEUpDownAPI.m */ = {isa = PBXFileReference; fileEncoding = 4; lastKnownFileType = sourcecode.c.objc; path = SEUpDownAPI.m; sourceTree = "<group>"; };
		DE83A241213E117400DC887D /* ZYHttpAPI.m */ = {isa = PBXFileReference; fileEncoding = 4; lastKnownFileType = sourcecode.c.objc; path = ZYHttpAPI.m; sourceTree = "<group>"; };
		DE83A242213E117400DC887D /* SEUpDownAPI.h */ = {isa = PBXFileReference; fileEncoding = 4; lastKnownFileType = sourcecode.c.h; path = SEUpDownAPI.h; sourceTree = "<group>"; };
		DE83A243213E117400DC887D /* HttpConfig.h */ = {isa = PBXFileReference; fileEncoding = 4; lastKnownFileType = sourcecode.c.h; path = HttpConfig.h; sourceTree = "<group>"; };
		DE83A244213E117400DC887D /* ZYHttpAPI.h */ = {isa = PBXFileReference; fileEncoding = 4; lastKnownFileType = sourcecode.c.h; path = ZYHttpAPI.h; sourceTree = "<group>"; };
		DE8603A5213F7C7600A20131 /* Definition.h */ = {isa = PBXFileReference; lastKnownFileType = sourcecode.c.h; path = Definition.h; sourceTree = "<group>"; };
		DE98CBF02143671C00F351F4 /* DiyMjRefresh.h */ = {isa = PBXFileReference; fileEncoding = 4; lastKnownFileType = sourcecode.c.h; path = DiyMjRefresh.h; sourceTree = "<group>"; };
		DE98CBF12143671C00F351F4 /* DiyMjRefresh.m */ = {isa = PBXFileReference; fileEncoding = 4; lastKnownFileType = sourcecode.c.objc; path = DiyMjRefresh.m; sourceTree = "<group>"; };
		DE98CBF32143694D00F351F4 /* DiyMjRefreshFooter.h */ = {isa = PBXFileReference; fileEncoding = 4; lastKnownFileType = sourcecode.c.h; path = DiyMjRefreshFooter.h; sourceTree = "<group>"; };
		DE98CBF42143694E00F351F4 /* DiyMjRefreshFooter.m */ = {isa = PBXFileReference; fileEncoding = 4; lastKnownFileType = sourcecode.c.objc; path = DiyMjRefreshFooter.m; sourceTree = "<group>"; };
		DE98CBF62143779F00F351F4 /* ListCollectionView.h */ = {isa = PBXFileReference; lastKnownFileType = sourcecode.c.h; path = ListCollectionView.h; sourceTree = "<group>"; };
		DE98CBF72143779F00F351F4 /* ListCollectionView.m */ = {isa = PBXFileReference; lastKnownFileType = sourcecode.c.objc; path = ListCollectionView.m; sourceTree = "<group>"; };
		DEA92B4F21421E4500D90F3B /* UpMyStickViewController.h */ = {isa = PBXFileReference; lastKnownFileType = sourcecode.c.h; path = UpMyStickViewController.h; sourceTree = "<group>"; };
		DEA92B5021421E4500D90F3B /* UpMyStickViewController.m */ = {isa = PBXFileReference; lastKnownFileType = sourcecode.c.objc; path = UpMyStickViewController.m; sourceTree = "<group>"; };
		DEA92B522142208C00D90F3B /* UpMyCollectionViewCell.h */ = {isa = PBXFileReference; lastKnownFileType = sourcecode.c.h; path = UpMyCollectionViewCell.h; sourceTree = "<group>"; };
		DEA92B532142208C00D90F3B /* UpMyCollectionViewCell.m */ = {isa = PBXFileReference; lastKnownFileType = sourcecode.c.objc; path = UpMyCollectionViewCell.m; sourceTree = "<group>"; };
		DEA92B57214231A400D90F3B /* SignViewController.m */ = {isa = PBXFileReference; fileEncoding = 4; lastKnownFileType = sourcecode.c.objc; path = SignViewController.m; sourceTree = "<group>"; };
		DEA92B58214231A400D90F3B /* LoginManagerModel.h */ = {isa = PBXFileReference; fileEncoding = 4; lastKnownFileType = sourcecode.c.h; path = LoginManagerModel.h; sourceTree = "<group>"; };
		DEA92B5B214231A400D90F3B /* StartSB.storyboard */ = {isa = PBXFileReference; fileEncoding = 4; lastKnownFileType = file.storyboard; path = StartSB.storyboard; sourceTree = "<group>"; };
		DEA92B5D214231A400D90F3B /* LoginManagerModel.m */ = {isa = PBXFileReference; fileEncoding = 4; lastKnownFileType = sourcecode.c.objc; path = LoginManagerModel.m; sourceTree = "<group>"; };
		DEA92B5E214231A400D90F3B /* SignViewController.h */ = {isa = PBXFileReference; fileEncoding = 4; lastKnownFileType = sourcecode.c.h; path = SignViewController.h; sourceTree = "<group>"; };
		DEA92B6421423C7100D90F3B /* RegisterViewController.m */ = {isa = PBXFileReference; fileEncoding = 4; lastKnownFileType = sourcecode.c.objc; path = RegisterViewController.m; sourceTree = "<group>"; };
		DEA92B6521423C7100D90F3B /* RegisterViewController.h */ = {isa = PBXFileReference; fileEncoding = 4; lastKnownFileType = sourcecode.c.h; path = RegisterViewController.h; sourceTree = "<group>"; };
		DEA92B68214253CE00D90F3B /* UserProfile.h */ = {isa = PBXFileReference; lastKnownFileType = sourcecode.c.h; path = UserProfile.h; sourceTree = "<group>"; };
		DEA92B69214253CE00D90F3B /* UserProfile.m */ = {isa = PBXFileReference; lastKnownFileType = sourcecode.c.objc; path = UserProfile.m; sourceTree = "<group>"; };
		DEA92B6C2142798F00D90F3B /* StickFigureImgObj.h */ = {isa = PBXFileReference; lastKnownFileType = sourcecode.c.h; path = StickFigureImgObj.h; sourceTree = "<group>"; };
		DEA92B6D2142798F00D90F3B /* StickFigureImgObj.m */ = {isa = PBXFileReference; lastKnownFileType = sourcecode.c.objc; path = StickFigureImgObj.m; sourceTree = "<group>"; };
		DEA92B702142801700D90F3B /* DropDownMenuList.h */ = {isa = PBXFileReference; fileEncoding = 4; lastKnownFileType = sourcecode.c.h; path = DropDownMenuList.h; sourceTree = "<group>"; };
		DEA92B712142801700D90F3B /* DropDownMenuList.m */ = {isa = PBXFileReference; fileEncoding = 4; lastKnownFileType = sourcecode.c.objc; path = DropDownMenuList.m; sourceTree = "<group>"; };
		DEDF67292142BA4400B0F48B /* MyWorkViewController.h */ = {isa = PBXFileReference; lastKnownFileType = sourcecode.c.h; path = MyWorkViewController.h; sourceTree = "<group>"; };
		DEDF672A2142BA4400B0F48B /* MyWorkViewController.m */ = {isa = PBXFileReference; lastKnownFileType = sourcecode.c.objc; path = MyWorkViewController.m; sourceTree = "<group>"; };
		DEDF672D2142C01800B0F48B /* MyWorkCollectionViewCell.h */ = {isa = PBXFileReference; lastKnownFileType = sourcecode.c.h; path = MyWorkCollectionViewCell.h; sourceTree = "<group>"; };
		DEDF672E2142C01800B0F48B /* MyWorkCollectionViewCell.m */ = {isa = PBXFileReference; lastKnownFileType = sourcecode.c.objc; path = MyWorkCollectionViewCell.m; sourceTree = "<group>"; };
		DEEF62132140F262003ECBB5 /* CYLPlusButtonSubclass.h */ = {isa = PBXFileReference; fileEncoding = 4; lastKnownFileType = sourcecode.c.h; path = CYLPlusButtonSubclass.h; sourceTree = "<group>"; };
		DEEF62142140F262003ECBB5 /* CYLPlusButtonSubclass.m */ = {isa = PBXFileReference; fileEncoding = 4; lastKnownFileType = sourcecode.c.objc; path = CYLPlusButtonSubclass.m; sourceTree = "<group>"; };
		DEEF62172140F350003ECBB5 /* RootNavigationViewController.m */ = {isa = PBXFileReference; fileEncoding = 4; lastKnownFileType = sourcecode.c.objc; path = RootNavigationViewController.m; sourceTree = "<group>"; };
		DEEF62182140F350003ECBB5 /* RootViewController.m */ = {isa = PBXFileReference; fileEncoding = 4; lastKnownFileType = sourcecode.c.objc; path = RootViewController.m; sourceTree = "<group>"; };
		DEEF62192140F350003ECBB5 /* RootTabBarViewController.m */ = {isa = PBXFileReference; fileEncoding = 4; lastKnownFileType = sourcecode.c.objc; path = RootTabBarViewController.m; sourceTree = "<group>"; };
		DEEF621A2140F350003ECBB5 /* RootNavigationViewController.h */ = {isa = PBXFileReference; fileEncoding = 4; lastKnownFileType = sourcecode.c.h; path = RootNavigationViewController.h; sourceTree = "<group>"; };
		DEEF621B2140F350003ECBB5 /* RootViewController.h */ = {isa = PBXFileReference; fileEncoding = 4; lastKnownFileType = sourcecode.c.h; path = RootViewController.h; sourceTree = "<group>"; };
		DEEF621C2140F350003ECBB5 /* RootTabBarViewController.h */ = {isa = PBXFileReference; fileEncoding = 4; lastKnownFileType = sourcecode.c.h; path = RootTabBarViewController.h; sourceTree = "<group>"; };
		DEEF62222140F4B6003ECBB5 /* NSString+Code.m */ = {isa = PBXFileReference; fileEncoding = 4; lastKnownFileType = sourcecode.c.objc; path = "NSString+Code.m"; sourceTree = "<group>"; };
		DEEF62232140F4B6003ECBB5 /* CALayer+Additions.m */ = {isa = PBXFileReference; fileEncoding = 4; lastKnownFileType = sourcecode.c.objc; path = "CALayer+Additions.m"; sourceTree = "<group>"; };
		DEEF62242140F4B6003ECBB5 /* UIViewController+ColorState.m */ = {isa = PBXFileReference; fileEncoding = 4; lastKnownFileType = sourcecode.c.objc; path = "UIViewController+ColorState.m"; sourceTree = "<group>"; };
		DEEF62252140F4B6003ECBB5 /* CALayer+Additions.h */ = {isa = PBXFileReference; fileEncoding = 4; lastKnownFileType = sourcecode.c.h; path = "CALayer+Additions.h"; sourceTree = "<group>"; };
		DEEF62262140F4B6003ECBB5 /* UIImageView+ImageDefault.h */ = {isa = PBXFileReference; fileEncoding = 4; lastKnownFileType = sourcecode.c.h; path = "UIImageView+ImageDefault.h"; sourceTree = "<group>"; };
		DEEF62272140F4B7003ECBB5 /* NSDictionary+Accessors.h */ = {isa = PBXFileReference; fileEncoding = 4; lastKnownFileType = sourcecode.c.h; path = "NSDictionary+Accessors.h"; sourceTree = "<group>"; };
		DEEF62282140F4B7003ECBB5 /* NSObject+ObjectMap.h */ = {isa = PBXFileReference; fileEncoding = 4; lastKnownFileType = sourcecode.c.h; path = "NSObject+ObjectMap.h"; sourceTree = "<group>"; };
		DEEF62292140F4B7003ECBB5 /* NSObject+ObjectMap.m */ = {isa = PBXFileReference; fileEncoding = 4; lastKnownFileType = sourcecode.c.objc; path = "NSObject+ObjectMap.m"; sourceTree = "<group>"; };
		DEEF622A2140F4B7003ECBB5 /* NSString+Code.h */ = {isa = PBXFileReference; fileEncoding = 4; lastKnownFileType = sourcecode.c.h; path = "NSString+Code.h"; sourceTree = "<group>"; };
		DEEF622B2140F4B7003ECBB5 /* UIColor+App.m */ = {isa = PBXFileReference; fileEncoding = 4; lastKnownFileType = sourcecode.c.objc; path = "UIColor+App.m"; sourceTree = "<group>"; };
		DEEF622C2140F4B7003ECBB5 /* NSString+FilePath.h */ = {isa = PBXFileReference; fileEncoding = 4; lastKnownFileType = sourcecode.c.h; path = "NSString+FilePath.h"; sourceTree = "<group>"; };
		DEEF622D2140F4B7003ECBB5 /* UIImage+Blur.h */ = {isa = PBXFileReference; fileEncoding = 4; lastKnownFileType = sourcecode.c.h; path = "UIImage+Blur.h"; sourceTree = "<group>"; };
		DEEF622E2140F4B7003ECBB5 /* UIImage+Blur.m */ = {isa = PBXFileReference; fileEncoding = 4; lastKnownFileType = sourcecode.c.objc; path = "UIImage+Blur.m"; sourceTree = "<group>"; };
		DEEF622F2140F4B8003ECBB5 /* UIImageView+ImageDefault.m */ = {isa = PBXFileReference; fileEncoding = 4; lastKnownFileType = sourcecode.c.objc; path = "UIImageView+ImageDefault.m"; sourceTree = "<group>"; };
		DEEF62322140F4B8003ECBB5 /* UIViewController+ColorState.h */ = {isa = PBXFileReference; fileEncoding = 4; lastKnownFileType = sourcecode.c.h; path = "UIViewController+ColorState.h"; sourceTree = "<group>"; };
		DEEF62332140F4B8003ECBB5 /* UIColor+App.h */ = {isa = PBXFileReference; fileEncoding = 4; lastKnownFileType = sourcecode.c.h; path = "UIColor+App.h"; sourceTree = "<group>"; };
		DEEF62342140F4B8003ECBB5 /* NSDictionary+Accessors.m */ = {isa = PBXFileReference; fileEncoding = 4; lastKnownFileType = sourcecode.c.objc; path = "NSDictionary+Accessors.m"; sourceTree = "<group>"; };
		DEEF62352140F4B8003ECBB5 /* NSString+FilePath.m */ = {isa = PBXFileReference; fileEncoding = 4; lastKnownFileType = sourcecode.c.objc; path = "NSString+FilePath.m"; sourceTree = "<group>"; };
		DEEF62412140F4EC003ECBB5 /* ToolsFunction.m */ = {isa = PBXFileReference; fileEncoding = 4; lastKnownFileType = sourcecode.c.objc; path = ToolsFunction.m; sourceTree = "<group>"; };
		DEEF62422140F4EC003ECBB5 /* ToolsFunction.h */ = {isa = PBXFileReference; fileEncoding = 4; lastKnownFileType = sourcecode.c.h; path = ToolsFunction.h; sourceTree = "<group>"; };
		DEEF62462140FB91003ECBB5 /* MyViewController.h */ = {isa = PBXFileReference; fileEncoding = 4; lastKnownFileType = sourcecode.c.h; path = MyViewController.h; sourceTree = "<group>"; };
		DEEF62472140FB91003ECBB5 /* MySB.storyboard */ = {isa = PBXFileReference; fileEncoding = 4; lastKnownFileType = file.storyboard; path = MySB.storyboard; sourceTree = "<group>"; };
		DEEF62482140FB91003ECBB5 /* MyViewController.m */ = {isa = PBXFileReference; fileEncoding = 4; lastKnownFileType = sourcecode.c.objc; path = MyViewController.m; sourceTree = "<group>"; };
		DEEF624D21411802003ECBB5 /* PaintingSB.storyboard */ = {isa = PBXFileReference; lastKnownFileType = file.storyboard; path = PaintingSB.storyboard; sourceTree = "<group>"; };
		DEEF624F21411812003ECBB5 /* PaintingViewController.h */ = {isa = PBXFileReference; lastKnownFileType = sourcecode.c.h; path = PaintingViewController.h; sourceTree = "<group>"; };
		DEEF625021411812003ECBB5 /* PaintingViewController.m */ = {isa = PBXFileReference; lastKnownFileType = sourcecode.c.objc; path = PaintingViewController.m; sourceTree = "<group>"; };
		DEEF6253214123A3003ECBB5 /* ColorBoxModel.h */ = {isa = PBXFileReference; lastKnownFileType = sourcecode.c.h; path = ColorBoxModel.h; sourceTree = "<group>"; };
		DEEF6254214123A3003ECBB5 /* ColorBoxModel.m */ = {isa = PBXFileReference; lastKnownFileType = sourcecode.c.objc; path = ColorBoxModel.m; sourceTree = "<group>"; };
		DEEF625821412E13003ECBB5 /* HBDrawingBoard.h */ = {isa = PBXFileReference; fileEncoding = 4; lastKnownFileType = sourcecode.c.h; path = HBDrawingBoard.h; sourceTree = "<group>"; };
		DEEF625921412E13003ECBB5 /* HBDrawingBoard.m */ = {isa = PBXFileReference; fileEncoding = 4; lastKnownFileType = sourcecode.c.objc; path = HBDrawingBoard.m; sourceTree = "<group>"; };
		DEEF625B21412E8B003ECBB5 /* HBDrawModel.m */ = {isa = PBXFileReference; fileEncoding = 4; lastKnownFileType = sourcecode.c.objc; path = HBDrawModel.m; sourceTree = "<group>"; };
		DEEF625C21412E8B003ECBB5 /* HBDrawModel.h */ = {isa = PBXFileReference; fileEncoding = 4; lastKnownFileType = sourcecode.c.h; path = HBDrawModel.h; sourceTree = "<group>"; };
		DEEF625E21412EBC003ECBB5 /* HBDrawPoint.h */ = {isa = PBXFileReference; fileEncoding = 4; lastKnownFileType = sourcecode.c.h; path = HBDrawPoint.h; sourceTree = "<group>"; };
		DEEF625F21412EBC003ECBB5 /* HBDrawPoint.m */ = {isa = PBXFileReference; fileEncoding = 4; lastKnownFileType = sourcecode.c.objc; path = HBDrawPoint.m; sourceTree = "<group>"; };
		DEEF626121412F33003ECBB5 /* HBDrawCommon.m */ = {isa = PBXFileReference; fileEncoding = 4; lastKnownFileType = sourcecode.c.objc; path = HBDrawCommon.m; sourceTree = "<group>"; };
		DEEF626221412F34003ECBB5 /* HBDrawCommon.h */ = {isa = PBXFileReference; fileEncoding = 4; lastKnownFileType = sourcecode.c.h; path = HBDrawCommon.h; sourceTree = "<group>"; };
		DEEF626421413321003ECBB5 /* NSFileManager+Helper.h */ = {isa = PBXFileReference; fileEncoding = 4; lastKnownFileType = sourcecode.c.h; path = "NSFileManager+Helper.h"; sourceTree = "<group>"; };
		DEEF626521413321003ECBB5 /* NSFileManager+Helper.m */ = {isa = PBXFileReference; fileEncoding = 4; lastKnownFileType = sourcecode.c.objc; path = "NSFileManager+Helper.m"; sourceTree = "<group>"; };
/* End PBXFileReference section */

/* Begin PBXFrameworksBuildPhase section */
		1AE7FD141F18B466002666DA /* Frameworks */ = {
			isa = PBXFrameworksBuildPhase;
			buildActionMask = 2147483647;
			files = (
				E45D1CD1C5B626F1892B6610 /* libPods-StickFigure.a in Frameworks */,
			);
			runOnlyForDeploymentPostprocessing = 0;
		};
		1AE7FD2D1F18B466002666DA /* Frameworks */ = {
			isa = PBXFrameworksBuildPhase;
			buildActionMask = 2147483647;
			files = (
			);
			runOnlyForDeploymentPostprocessing = 0;
		};
		1AE7FD381F18B466002666DA /* Frameworks */ = {
			isa = PBXFrameworksBuildPhase;
			buildActionMask = 2147483647;
			files = (
			);
			runOnlyForDeploymentPostprocessing = 0;
		};
/* End PBXFrameworksBuildPhase section */

/* Begin PBXGroup section */
		1AE7FD0E1F18B466002666DA = {
			isa = PBXGroup;
			children = (
				1AE7FD191F18B466002666DA /* StickFigure */,
				1AE7FD331F18B466002666DA /* StickFigureTests */,
				1AE7FD3E1F18B466002666DA /* StickFigureUITests */,
				1AE7FD181F18B466002666DA /* Products */,
				768C43CD40C7E6238F518C0C /* Pods */,
				8C5619F8B6BF3E1175F372C0 /* Frameworks */,
			);
			sourceTree = "<group>";
		};
		1AE7FD181F18B466002666DA /* Products */ = {
			isa = PBXGroup;
			children = (
				1AE7FD171F18B466002666DA /* StickFigure.app */,
				1AE7FD301F18B466002666DA /* StickFigureTests.xctest */,
				1AE7FD3B1F18B466002666DA /* StickFigureUITests.xctest */,
			);
			name = Products;
			sourceTree = "<group>";
		};
		1AE7FD191F18B466002666DA /* StickFigure */ = {
			isa = PBXGroup;
			children = (
				DEEF62442140FB86003ECBB5 /* Class */,
				DEEF62112140F248003ECBB5 /* Unility */,
				DE83A23E213E112300DC887D /* Module */,
				1AE7FD1D1F18B466002666DA /* AppDelegate.h */,
				1AE7FD1E1F18B466002666DA /* AppDelegate.m */,
				1AE7FD261F18B466002666DA /* Assets.xcassets */,
				1AE7FD281F18B466002666DA /* LaunchScreen.storyboard */,
				1AE7FD2B1F18B466002666DA /* Info.plist */,
				1AE7FD1A1F18B466002666DA /* Supporting Files */,
			);
			path = StickFigure;
			sourceTree = "<group>";
		};
		1AE7FD1A1F18B466002666DA /* Supporting Files */ = {
			isa = PBXGroup;
			children = (
				1AE7FD1B1F18B466002666DA /* main.m */,
				1A3EB24E206DD860005822C2 /* StickFigure-Prefix.pch */,
				DE8603A5213F7C7600A20131 /* Definition.h */,
			);
			name = "Supporting Files";
			sourceTree = "<group>";
		};
		1AE7FD331F18B466002666DA /* StickFigureTests */ = {
			isa = PBXGroup;
			children = (
				1AE7FD341F18B466002666DA /* StickFigureTests.m */,
				1AE7FD361F18B466002666DA /* Info.plist */,
			);
			path = StickFigureTests;
			sourceTree = "<group>";
		};
		1AE7FD3E1F18B466002666DA /* StickFigureUITests */ = {
			isa = PBXGroup;
			children = (
				1AE7FD3F1F18B466002666DA /* StickFigureUITests.m */,
				1AE7FD411F18B466002666DA /* Info.plist */,
			);
			path = StickFigureUITests;
			sourceTree = "<group>";
		};
		1AE7FD521F18C02E002666DA /* View */ = {
			isa = PBXGroup;
			children = (
				1AE7FD561F18C46C002666DA /* StickTypeCollectionViewCell.h */,
				1AE7FD571F18C46C002666DA /* StickTypeCollectionViewCell.m */,
				DE98CBF62143779F00F351F4 /* ListCollectionView.h */,
				DE98CBF72143779F00F351F4 /* ListCollectionView.m */,
			);
			name = View;
			path = ../..;
			sourceTree = "<group>";
		};
		768C43CD40C7E6238F518C0C /* Pods */ = {
			isa = PBXGroup;
			children = (
				498D707326E41C64291E0639 /* Pods-StickFigure.debug.xcconfig */,
				800C73853689F6A2CD59C59E /* Pods-StickFigure.release.xcconfig */,
			);
			name = Pods;
			sourceTree = "<group>";
		};
		8C5619F8B6BF3E1175F372C0 /* Frameworks */ = {
			isa = PBXGroup;
			children = (
				3DF896D53A54B131D97C11D1 /* libPods-StickFigure.a */,
			);
			name = Frameworks;
			sourceTree = "<group>";
		};
		DE83A23E213E112300DC887D /* Module */ = {
			isa = PBXGroup;
			children = (
				DEA92B67214253B300D90F3B /* UserProfile */,
				DEEF62402140F4D3003ECBB5 /* ToolsFunction */,
				DEEF62212140F489003ECBB5 /* ExternClass */,
				DE83A23F213E117400DC887D /* ZYHttp */,
			);
			path = Module;
			sourceTree = "<group>";
		};
		DE83A23F213E117400DC887D /* ZYHttp */ = {
			isa = PBXGroup;
			children = (
				DE83A240213E117400DC887D /* SEUpDownAPI.m */,
				DE83A241213E117400DC887D /* ZYHttpAPI.m */,
				DE83A242213E117400DC887D /* SEUpDownAPI.h */,
				DE83A243213E117400DC887D /* HttpConfig.h */,
				DE83A244213E117400DC887D /* ZYHttpAPI.h */,
			);
			path = ZYHttp;
			sourceTree = "<group>";
		};
		DE98CBEF2143671C00F351F4 /* DiyMJRefresh */ = {
			isa = PBXGroup;
			children = (
				DE98CBF32143694D00F351F4 /* DiyMjRefreshFooter.h */,
				DE98CBF42143694E00F351F4 /* DiyMjRefreshFooter.m */,
				DE98CBF02143671C00F351F4 /* DiyMjRefresh.h */,
				DE98CBF12143671C00F351F4 /* DiyMjRefresh.m */,
			);
			path = DiyMJRefresh;
			sourceTree = "<group>";
		};
		DEA92B55214231A400D90F3B /* Login */ = {
			isa = PBXGroup;
			children = (
				DEA92B6521423C7100D90F3B /* RegisterViewController.h */,
				DEA92B6421423C7100D90F3B /* RegisterViewController.m */,
				DEA92B57214231A400D90F3B /* SignViewController.m */,
				DEA92B58214231A400D90F3B /* LoginManagerModel.h */,
				DEA92B5B214231A400D90F3B /* StartSB.storyboard */,
				DEA92B5D214231A400D90F3B /* LoginManagerModel.m */,
				DEA92B5E214231A400D90F3B /* SignViewController.h */,
			);
			path = Login;
			sourceTree = "<group>";
		};
		DEA92B67214253B300D90F3B /* UserProfile */ = {
			isa = PBXGroup;
			children = (
				DEA92B68214253CE00D90F3B /* UserProfile.h */,
				DEA92B69214253CE00D90F3B /* UserProfile.m */,
			);
			path = UserProfile;
			sourceTree = "<group>";
		};
		DEA92B6B2142796F00D90F3B /* Model */ = {
			isa = PBXGroup;
			children = (
				DEA92B6C2142798F00D90F3B /* StickFigureImgObj.h */,
				DEA92B6D2142798F00D90F3B /* StickFigureImgObj.m */,
			);
			name = Model;
			sourceTree = "<group>";
		};
		DEA92B6F2142801700D90F3B /* DropDownMenuList */ = {
			isa = PBXGroup;
			children = (
				DEA92B702142801700D90F3B /* DropDownMenuList.h */,
				DEA92B712142801700D90F3B /* DropDownMenuList.m */,
			);
			path = DropDownMenuList;
			sourceTree = "<group>";
		};
		DEDF672C2142C00000B0F48B /* View */ = {
			isa = PBXGroup;
			children = (
				DEDF672D2142C01800B0F48B /* MyWorkCollectionViewCell.h */,
				DEDF672E2142C01800B0F48B /* MyWorkCollectionViewCell.m */,
			);
			name = View;
			sourceTree = "<group>";
		};
		DEEF62112140F248003ECBB5 /* Unility */ = {
			isa = PBXGroup;
			children = (
				DE98CBEF2143671C00F351F4 /* DiyMJRefresh */,
				DEA92B6F2142801700D90F3B /* DropDownMenuList */,
				DEEF62162140F350003ECBB5 /* RootController */,
				DEEF62122140F262003ECBB5 /* CYLPlusButtonSubclass */,
			);
			path = Unility;
			sourceTree = "<group>";
		};
		DEEF62122140F262003ECBB5 /* CYLPlusButtonSubclass */ = {
			isa = PBXGroup;
			children = (
				DEEF62132140F262003ECBB5 /* CYLPlusButtonSubclass.h */,
				DEEF62142140F262003ECBB5 /* CYLPlusButtonSubclass.m */,
			);
			path = CYLPlusButtonSubclass;
			sourceTree = "<group>";
		};
		DEEF62162140F350003ECBB5 /* RootController */ = {
			isa = PBXGroup;
			children = (
				DEEF62172140F350003ECBB5 /* RootNavigationViewController.m */,
				DEEF62182140F350003ECBB5 /* RootViewController.m */,
				DEEF62192140F350003ECBB5 /* RootTabBarViewController.m */,
				DEEF621A2140F350003ECBB5 /* RootNavigationViewController.h */,
				DEEF621B2140F350003ECBB5 /* RootViewController.h */,
				DEEF621C2140F350003ECBB5 /* RootTabBarViewController.h */,
			);
			path = RootController;
			sourceTree = "<group>";
		};
		DEEF62212140F489003ECBB5 /* ExternClass */ = {
			isa = PBXGroup;
			children = (
				DEEF626421413321003ECBB5 /* NSFileManager+Helper.h */,
				DEEF626521413321003ECBB5 /* NSFileManager+Helper.m */,
				DEEF62252140F4B6003ECBB5 /* CALayer+Additions.h */,
				DEEF62232140F4B6003ECBB5 /* CALayer+Additions.m */,
				DEEF62272140F4B7003ECBB5 /* NSDictionary+Accessors.h */,
				DEEF62342140F4B8003ECBB5 /* NSDictionary+Accessors.m */,
				DEEF62282140F4B7003ECBB5 /* NSObject+ObjectMap.h */,
				DEEF62292140F4B7003ECBB5 /* NSObject+ObjectMap.m */,
				DEEF622A2140F4B7003ECBB5 /* NSString+Code.h */,
				DEEF62222140F4B6003ECBB5 /* NSString+Code.m */,
				DEEF622C2140F4B7003ECBB5 /* NSString+FilePath.h */,
				DEEF62352140F4B8003ECBB5 /* NSString+FilePath.m */,
				DEEF62332140F4B8003ECBB5 /* UIColor+App.h */,
				DEEF622B2140F4B7003ECBB5 /* UIColor+App.m */,
				DEEF622D2140F4B7003ECBB5 /* UIImage+Blur.h */,
				DEEF622E2140F4B7003ECBB5 /* UIImage+Blur.m */,
				DEEF62262140F4B6003ECBB5 /* UIImageView+ImageDefault.h */,
				DEEF622F2140F4B8003ECBB5 /* UIImageView+ImageDefault.m */,
				DEEF62322140F4B8003ECBB5 /* UIViewController+ColorState.h */,
				DEEF62242140F4B6003ECBB5 /* UIViewController+ColorState.m */,
			);
			path = ExternClass;
			sourceTree = "<group>";
		};
		DEEF62402140F4D3003ECBB5 /* ToolsFunction */ = {
			isa = PBXGroup;
			children = (
				DEEF62422140F4EC003ECBB5 /* ToolsFunction.h */,
				DEEF62412140F4EC003ECBB5 /* ToolsFunction.m */,
			);
			path = ToolsFunction;
			sourceTree = "<group>";
		};
		DEEF62442140FB86003ECBB5 /* Class */ = {
			isa = PBXGroup;
			children = (
				DEA92B55214231A400D90F3B /* Login */,
				DEEF624C214117D9003ECBB5 /* Painting */,
				DEEF624B2140FDE8003ECBB5 /* StickFigure */,
				DEEF62452140FB91003ECBB5 /* My */,
			);
			path = Class;
			sourceTree = "<group>";
		};
		DEEF62452140FB91003ECBB5 /* My */ = {
			isa = PBXGroup;
			children = (
				DEDF672C2142C00000B0F48B /* View */,
				DEEF62462140FB91003ECBB5 /* MyViewController.h */,
				DEEF62472140FB91003ECBB5 /* MySB.storyboard */,
				DEEF62482140FB91003ECBB5 /* MyViewController.m */,
				DEDF67292142BA4400B0F48B /* MyWorkViewController.h */,
				DEDF672A2142BA4400B0F48B /* MyWorkViewController.m */,
			);
			path = My;
			sourceTree = "<group>";
		};
		DEEF624B2140FDE8003ECBB5 /* StickFigure */ = {
			isa = PBXGroup;
			children = (
				DEA92B6B2142796F00D90F3B /* Model */,
				1AE7FD521F18C02E002666DA /* View */,
				1AE7FD4D1F18BDC2002666DA /* StickFigure.storyboard */,
				1AE7FD4F1F18BDDE002666DA /* StickFigureViewController.h */,
				1AE7FD501F18BDDE002666DA /* StickFigureViewController.m */,
			);
			path = StickFigure;
			sourceTree = "<group>";
		};
		DEEF624C214117D9003ECBB5 /* Painting */ = {
			isa = PBXGroup;
			children = (
				DEEF625621412E08003ECBB5 /* View */,
				DEEF625221412366003ECBB5 /* Model */,
				DEEF624D21411802003ECBB5 /* PaintingSB.storyboard */,
				DEEF624F21411812003ECBB5 /* PaintingViewController.h */,
				DEEF625021411812003ECBB5 /* PaintingViewController.m */,
				DEA92B4F21421E4500D90F3B /* UpMyStickViewController.h */,
				DEA92B5021421E4500D90F3B /* UpMyStickViewController.m */,
			);
			path = Painting;
			sourceTree = "<group>";
		};
		DEEF625221412366003ECBB5 /* Model */ = {
			isa = PBXGroup;
			children = (
				DEEF626221412F34003ECBB5 /* HBDrawCommon.h */,
				DEEF626121412F33003ECBB5 /* HBDrawCommon.m */,
				DEEF625E21412EBC003ECBB5 /* HBDrawPoint.h */,
				DEEF625F21412EBC003ECBB5 /* HBDrawPoint.m */,
				DEEF625C21412E8B003ECBB5 /* HBDrawModel.h */,
				DEEF625B21412E8B003ECBB5 /* HBDrawModel.m */,
				DEEF6253214123A3003ECBB5 /* ColorBoxModel.h */,
				DEEF6254214123A3003ECBB5 /* ColorBoxModel.m */,
			);
			name = Model;
			sourceTree = "<group>";
		};
		DEEF625621412E08003ECBB5 /* View */ = {
			isa = PBXGroup;
			children = (
				DEEF625721412E13003ECBB5 /* drawBoard */,
				DEA92B522142208C00D90F3B /* UpMyCollectionViewCell.h */,
				DEA92B532142208C00D90F3B /* UpMyCollectionViewCell.m */,
			);
			name = View;
			sourceTree = "<group>";
		};
		DEEF625721412E13003ECBB5 /* drawBoard */ = {
			isa = PBXGroup;
			children = (
				DEEF625821412E13003ECBB5 /* HBDrawingBoard.h */,
				DEEF625921412E13003ECBB5 /* HBDrawingBoard.m */,
			);
			path = drawBoard;
			sourceTree = "<group>";
		};
/* End PBXGroup section */

/* Begin PBXNativeTarget section */
		1AE7FD161F18B466002666DA /* StickFigure */ = {
			isa = PBXNativeTarget;
			buildConfigurationList = 1AE7FD441F18B466002666DA /* Build configuration list for PBXNativeTarget "StickFigure" */;
			buildPhases = (
				240073725C06B5BA78C7E966 /* [CP] Check Pods Manifest.lock */,
				1AE7FD131F18B466002666DA /* Sources */,
				1AE7FD141F18B466002666DA /* Frameworks */,
				1AE7FD151F18B466002666DA /* Resources */,
				6D41B439E47566E38409FD30 /* [CP] Copy Pods Resources */,
			);
			buildRules = (
			);
			dependencies = (
			);
			name = StickFigure;
			productName = StickFigure;
			productReference = 1AE7FD171F18B466002666DA /* StickFigure.app */;
			productType = "com.apple.product-type.application";
		};
		1AE7FD2F1F18B466002666DA /* StickFigureTests */ = {
			isa = PBXNativeTarget;
			buildConfigurationList = 1AE7FD471F18B466002666DA /* Build configuration list for PBXNativeTarget "StickFigureTests" */;
			buildPhases = (
				1AE7FD2C1F18B466002666DA /* Sources */,
				1AE7FD2D1F18B466002666DA /* Frameworks */,
				1AE7FD2E1F18B466002666DA /* Resources */,
			);
			buildRules = (
			);
			dependencies = (
				1AE7FD321F18B466002666DA /* PBXTargetDependency */,
			);
			name = StickFigureTests;
			productName = StickFigureTests;
			productReference = 1AE7FD301F18B466002666DA /* StickFigureTests.xctest */;
			productType = "com.apple.product-type.bundle.unit-test";
		};
		1AE7FD3A1F18B466002666DA /* StickFigureUITests */ = {
			isa = PBXNativeTarget;
			buildConfigurationList = 1AE7FD4A1F18B466002666DA /* Build configuration list for PBXNativeTarget "StickFigureUITests" */;
			buildPhases = (
				1AE7FD371F18B466002666DA /* Sources */,
				1AE7FD381F18B466002666DA /* Frameworks */,
				1AE7FD391F18B466002666DA /* Resources */,
			);
			buildRules = (
			);
			dependencies = (
				1AE7FD3D1F18B466002666DA /* PBXTargetDependency */,
			);
			name = StickFigureUITests;
			productName = StickFigureUITests;
			productReference = 1AE7FD3B1F18B466002666DA /* StickFigureUITests.xctest */;
			productType = "com.apple.product-type.bundle.ui-testing";
		};
/* End PBXNativeTarget section */

/* Begin PBXProject section */
		1AE7FD0F1F18B466002666DA /* Project object */ = {
			isa = PBXProject;
			attributes = {
				LastUpgradeCheck = 0830;
				ORGANIZATIONNAME = ZY;
				TargetAttributes = {
					1AE7FD161F18B466002666DA = {
						CreatedOnToolsVersion = 8.3.3;
						DevelopmentTeam = VB8H46N7M3;
						ProvisioningStyle = Automatic;
					};
					1AE7FD2F1F18B466002666DA = {
						CreatedOnToolsVersion = 8.3.3;
						DevelopmentTeam = VB8H46N7M3;
						ProvisioningStyle = Automatic;
						TestTargetID = 1AE7FD161F18B466002666DA;
					};
					1AE7FD3A1F18B466002666DA = {
						CreatedOnToolsVersion = 8.3.3;
						DevelopmentTeam = VB8H46N7M3;
						ProvisioningStyle = Automatic;
						TestTargetID = 1AE7FD161F18B466002666DA;
					};
				};
			};
			buildConfigurationList = 1AE7FD121F18B466002666DA /* Build configuration list for PBXProject "StickFigure" */;
			compatibilityVersion = "Xcode 3.2";
			developmentRegion = English;
			hasScannedForEncodings = 0;
			knownRegions = (
				en,
				Base,
			);
			mainGroup = 1AE7FD0E1F18B466002666DA;
			productRefGroup = 1AE7FD181F18B466002666DA /* Products */;
			projectDirPath = "";
			projectRoot = "";
			targets = (
				1AE7FD161F18B466002666DA /* StickFigure */,
				1AE7FD2F1F18B466002666DA /* StickFigureTests */,
				1AE7FD3A1F18B466002666DA /* StickFigureUITests */,
			);
		};
/* End PBXProject section */

/* Begin PBXResourcesBuildPhase section */
		1AE7FD151F18B466002666DA /* Resources */ = {
			isa = PBXResourcesBuildPhase;
			buildActionMask = 2147483647;
			files = (
				1AE7FD2A1F18B466002666DA /* LaunchScreen.storyboard in Resources */,
				DEEF62492140FB91003ECBB5 /* MySB.storyboard in Resources */,
				1AE7FD4E1F18BDC2002666DA /* StickFigure.storyboard in Resources */,
				DEEF624E21411802003ECBB5 /* PaintingSB.storyboard in Resources */,
				DEA92B61214231A400D90F3B /* StartSB.storyboard in Resources */,
				1AE7FD271F18B466002666DA /* Assets.xcassets in Resources */,
			);
			runOnlyForDeploymentPostprocessing = 0;
		};
		1AE7FD2E1F18B466002666DA /* Resources */ = {
			isa = PBXResourcesBuildPhase;
			buildActionMask = 2147483647;
			files = (
			);
			runOnlyForDeploymentPostprocessing = 0;
		};
		1AE7FD391F18B466002666DA /* Resources */ = {
			isa = PBXResourcesBuildPhase;
			buildActionMask = 2147483647;
			files = (
			);
			runOnlyForDeploymentPostprocessing = 0;
		};
/* End PBXResourcesBuildPhase section */

/* Begin PBXShellScriptBuildPhase section */
		240073725C06B5BA78C7E966 /* [CP] Check Pods Manifest.lock */ = {
			isa = PBXShellScriptBuildPhase;
			buildActionMask = 2147483647;
			files = (
			);
			inputPaths = (
				"${PODS_PODFILE_DIR_PATH}/Podfile.lock",
				"${PODS_ROOT}/Manifest.lock",
			);
			name = "[CP] Check Pods Manifest.lock";
			outputPaths = (
				"$(DERIVED_FILE_DIR)/Pods-StickFigure-checkManifestLockResult.txt",
			);
			runOnlyForDeploymentPostprocessing = 0;
			shellPath = /bin/sh;
			shellScript = "diff \"${PODS_PODFILE_DIR_PATH}/Podfile.lock\" \"${PODS_ROOT}/Manifest.lock\" > /dev/null\nif [ $? != 0 ] ; then\n    # print error to STDERR\n    echo \"error: The sandbox is not in sync with the Podfile.lock. Run 'pod install' or update your CocoaPods installation.\" >&2\n    exit 1\nfi\n# This output is used by Xcode 'outputs' to avoid re-running this script phase.\necho \"SUCCESS\" > \"${SCRIPT_OUTPUT_FILE_0}\"\n";
			showEnvVarsInLog = 0;
		};
		6D41B439E47566E38409FD30 /* [CP] Copy Pods Resources */ = {
			isa = PBXShellScriptBuildPhase;
			buildActionMask = 2147483647;
			files = (
			);
			inputPaths = (
				"${SRCROOT}/Pods/Target Support Files/Pods-StickFigure/Pods-StickFigure-resources.sh",
				"${PODS_ROOT}/GPUImage/framework/Resources/lookup.png",
				"${PODS_ROOT}/GPUImage/framework/Resources/lookup_amatorka.png",
				"${PODS_ROOT}/GPUImage/framework/Resources/lookup_miss_etikate.png",
				"${PODS_ROOT}/GPUImage/framework/Resources/lookup_soft_elegance_1.png",
				"${PODS_ROOT}/GPUImage/framework/Resources/lookup_soft_elegance_2.png",
				"${PODS_ROOT}/IQKeyboardManager/IQKeyboardManager/Resources/IQKeyboardManager.bundle",
				"${PODS_ROOT}/MJRefresh/MJRefresh/MJRefresh.bundle",
				"${PODS_ROOT}/SVProgressHUD/SVProgressHUD/SVProgressHUD.bundle",
				"${PODS_ROOT}/ZLPhotoBrowser/PhotoBrowser/resource/ZLPhotoActionSheet.xib",
				"${PODS_ROOT}/ZLPhotoBrowser/PhotoBrowser/resource/ZLPhotoBrowserCell.xib",
				"${PODS_ROOT}/ZLPhotoBrowser/PhotoBrowser/resource/ZLPhotoBrowser.bundle",
			);
			name = "[CP] Copy Pods Resources";
			outputPaths = (
				"${TARGET_BUILD_DIR}/${UNLOCALIZED_RESOURCES_FOLDER_PATH}/lookup.png",
				"${TARGET_BUILD_DIR}/${UNLOCALIZED_RESOURCES_FOLDER_PATH}/lookup_amatorka.png",
				"${TARGET_BUILD_DIR}/${UNLOCALIZED_RESOURCES_FOLDER_PATH}/lookup_miss_etikate.png",
				"${TARGET_BUILD_DIR}/${UNLOCALIZED_RESOURCES_FOLDER_PATH}/lookup_soft_elegance_1.png",
				"${TARGET_BUILD_DIR}/${UNLOCALIZED_RESOURCES_FOLDER_PATH}/lookup_soft_elegance_2.png",
				"${TARGET_BUILD_DIR}/${UNLOCALIZED_RESOURCES_FOLDER_PATH}/IQKeyboardManager.bundle",
				"${TARGET_BUILD_DIR}/${UNLOCALIZED_RESOURCES_FOLDER_PATH}/MJRefresh.bundle",
				"${TARGET_BUILD_DIR}/${UNLOCALIZED_RESOURCES_FOLDER_PATH}/SVProgressHUD.bundle",
				"${TARGET_BUILD_DIR}/${UNLOCALIZED_RESOURCES_FOLDER_PATH}/ZLPhotoActionSheet.nib",
				"${TARGET_BUILD_DIR}/${UNLOCALIZED_RESOURCES_FOLDER_PATH}/ZLPhotoBrowserCell.nib",
				"${TARGET_BUILD_DIR}/${UNLOCALIZED_RESOURCES_FOLDER_PATH}/ZLPhotoBrowser.bundle",
			);
			runOnlyForDeploymentPostprocessing = 0;
			shellPath = /bin/sh;
			shellScript = "\"${SRCROOT}/Pods/Target Support Files/Pods-StickFigure/Pods-StickFigure-resources.sh\"\n";
			showEnvVarsInLog = 0;
		};
/* End PBXShellScriptBuildPhase section */

/* Begin PBXSourcesBuildPhase section */
		1AE7FD131F18B466002666DA /* Sources */ = {
			isa = PBXSourcesBuildPhase;
			buildActionMask = 2147483647;
			files = (
				DEEF624A2140FB91003ECBB5 /* MyViewController.m in Sources */,
				DE98CBF52143694E00F351F4 /* DiyMjRefreshFooter.m in Sources */,
				DEA92B6621423C7100D90F3B /* RegisterViewController.m in Sources */,
				DE83A246213E117400DC887D /* ZYHttpAPI.m in Sources */,
				DEEF623A2140F4B8003ECBB5 /* UIColor+App.m in Sources */,
				DEA92B6A214253CE00D90F3B /* UserProfile.m in Sources */,
				DE98CBF82143779F00F351F4 /* ListCollectionView.m in Sources */,
				1AE7FD511F18BDDE002666DA /* StickFigureViewController.m in Sources */,
				DEEF62152140F262003ECBB5 /* CYLPlusButtonSubclass.m in Sources */,
				DE83A245213E117400DC887D /* SEUpDownAPI.m in Sources */,
				DEEF62382140F4B8003ECBB5 /* UIViewController+ColorState.m in Sources */,
				DEA92B722142801700D90F3B /* DropDownMenuList.m in Sources */,
				DEEF62392140F4B8003ECBB5 /* NSObject+ObjectMap.m in Sources */,
				DEA92B6E2142798F00D90F3B /* StickFigureImgObj.m in Sources */,
				DEEF62362140F4B8003ECBB5 /* NSString+Code.m in Sources */,
				DEEF623B2140F4B8003ECBB5 /* UIImage+Blur.m in Sources */,
				DEEF621E2140F350003ECBB5 /* RootViewController.m in Sources */,
				DEEF6255214123A3003ECBB5 /* ColorBoxModel.m in Sources */,
				DEEF625121411812003ECBB5 /* PaintingViewController.m in Sources */,
				1AE7FD1F1F18B466002666DA /* AppDelegate.m in Sources */,
				DEEF626321412F34003ECBB5 /* HBDrawCommon.m in Sources */,
				DEDF672B2142BA4400B0F48B /* MyWorkViewController.m in Sources */,
				1AE7FD581F18C46C002666DA /* StickTypeCollectionViewCell.m in Sources */,
				DEA92B5121421E4500D90F3B /* UpMyStickViewController.m in Sources */,
				DEEF621D2140F350003ECBB5 /* RootNavigationViewController.m in Sources */,
				DEEF623F2140F4B8003ECBB5 /* NSString+FilePath.m in Sources */,
				DEEF625D21412E8B003ECBB5 /* HBDrawModel.m in Sources */,
				DEA92B63214231A400D90F3B /* LoginManagerModel.m in Sources */,
				DEEF626021412EBC003ECBB5 /* HBDrawPoint.m in Sources */,
				DEDF672F2142C01800B0F48B /* MyWorkCollectionViewCell.m in Sources */,
				DE98CBF22143671C00F351F4 /* DiyMjRefresh.m in Sources */,
				DEEF62432140F4EC003ECBB5 /* ToolsFunction.m in Sources */,
				DEEF623E2140F4B8003ECBB5 /* NSDictionary+Accessors.m in Sources */,
				DEA92B60214231A400D90F3B /* SignViewController.m in Sources */,
				DEEF625A21412E14003ECBB5 /* HBDrawingBoard.m in Sources */,
				DEEF621F2140F350003ECBB5 /* RootTabBarViewController.m in Sources */,
				DEA92B542142208C00D90F3B /* UpMyCollectionViewCell.m in Sources */,
				DEEF626621413321003ECBB5 /* NSFileManager+Helper.m in Sources */,
				DEEF62372140F4B8003ECBB5 /* CALayer+Additions.m in Sources */,
				DEEF623C2140F4B8003ECBB5 /* UIImageView+ImageDefault.m in Sources */,
				1AE7FD1C1F18B466002666DA /* main.m in Sources */,
			);
			runOnlyForDeploymentPostprocessing = 0;
		};
		1AE7FD2C1F18B466002666DA /* Sources */ = {
			isa = PBXSourcesBuildPhase;
			buildActionMask = 2147483647;
			files = (
				1AE7FD351F18B466002666DA /* StickFigureTests.m in Sources */,
			);
			runOnlyForDeploymentPostprocessing = 0;
		};
		1AE7FD371F18B466002666DA /* Sources */ = {
			isa = PBXSourcesBuildPhase;
			buildActionMask = 2147483647;
			files = (
				1AE7FD401F18B466002666DA /* StickFigureUITests.m in Sources */,
			);
			runOnlyForDeploymentPostprocessing = 0;
		};
/* End PBXSourcesBuildPhase section */

/* Begin PBXTargetDependency section */
		1AE7FD321F18B466002666DA /* PBXTargetDependency */ = {
			isa = PBXTargetDependency;
			target = 1AE7FD161F18B466002666DA /* StickFigure */;
			targetProxy = 1AE7FD311F18B466002666DA /* PBXContainerItemProxy */;
		};
		1AE7FD3D1F18B466002666DA /* PBXTargetDependency */ = {
			isa = PBXTargetDependency;
			target = 1AE7FD161F18B466002666DA /* StickFigure */;
			targetProxy = 1AE7FD3C1F18B466002666DA /* PBXContainerItemProxy */;
		};
/* End PBXTargetDependency section */

/* Begin PBXVariantGroup section */
		1AE7FD281F18B466002666DA /* LaunchScreen.storyboard */ = {
			isa = PBXVariantGroup;
			children = (
				1AE7FD291F18B466002666DA /* Base */,
			);
			name = LaunchScreen.storyboard;
			sourceTree = "<group>";
		};
/* End PBXVariantGroup section */

/* Begin XCBuildConfiguration section */
		1AE7FD421F18B466002666DA /* Debug */ = {
			isa = XCBuildConfiguration;
			buildSettings = {
				ALWAYS_SEARCH_USER_PATHS = NO;
				CLANG_ANALYZER_NONNULL = YES;
				CLANG_ANALYZER_NUMBER_OBJECT_CONVERSION = YES_AGGRESSIVE;
				CLANG_CXX_LANGUAGE_STANDARD = "gnu++0x";
				CLANG_CXX_LIBRARY = "libc++";
				CLANG_ENABLE_MODULES = YES;
				CLANG_ENABLE_OBJC_ARC = YES;
				CLANG_WARN_BOOL_CONVERSION = YES;
				CLANG_WARN_CONSTANT_CONVERSION = YES;
				CLANG_WARN_DIRECT_OBJC_ISA_USAGE = YES_ERROR;
				CLANG_WARN_DOCUMENTATION_COMMENTS = YES;
				CLANG_WARN_EMPTY_BODY = YES;
				CLANG_WARN_ENUM_CONVERSION = YES;
				CLANG_WARN_INFINITE_RECURSION = YES;
				CLANG_WARN_INT_CONVERSION = YES;
				CLANG_WARN_OBJC_ROOT_CLASS = YES_ERROR;
				CLANG_WARN_SUSPICIOUS_MOVE = YES;
				CLANG_WARN_UNREACHABLE_CODE = YES;
				CLANG_WARN__DUPLICATE_METHOD_MATCH = YES;
				"CODE_SIGN_IDENTITY[sdk=iphoneos*]" = "iPhone Developer";
				COPY_PHASE_STRIP = NO;
				DEBUG_INFORMATION_FORMAT = dwarf;
				ENABLE_STRICT_OBJC_MSGSEND = YES;
				ENABLE_TESTABILITY = YES;
				GCC_C_LANGUAGE_STANDARD = gnu99;
				GCC_DYNAMIC_NO_PIC = NO;
				GCC_NO_COMMON_BLOCKS = YES;
				GCC_OPTIMIZATION_LEVEL = 0;
				GCC_PREPROCESSOR_DEFINITIONS = (
					"DEBUG=1",
					"$(inherited)",
				);
				GCC_WARN_64_TO_32_BIT_CONVERSION = YES;
				GCC_WARN_ABOUT_RETURN_TYPE = YES_ERROR;
				GCC_WARN_UNDECLARED_SELECTOR = YES;
				GCC_WARN_UNINITIALIZED_AUTOS = YES_AGGRESSIVE;
				GCC_WARN_UNUSED_FUNCTION = YES;
				GCC_WARN_UNUSED_VARIABLE = YES;
				IPHONEOS_DEPLOYMENT_TARGET = 10.3;
				MTL_ENABLE_DEBUG_INFO = YES;
				ONLY_ACTIVE_ARCH = YES;
				SDKROOT = iphoneos;
			};
			name = Debug;
		};
		1AE7FD431F18B466002666DA /* Release */ = {
			isa = XCBuildConfiguration;
			buildSettings = {
				ALWAYS_SEARCH_USER_PATHS = NO;
				CLANG_ANALYZER_NONNULL = YES;
				CLANG_ANALYZER_NUMBER_OBJECT_CONVERSION = YES_AGGRESSIVE;
				CLANG_CXX_LANGUAGE_STANDARD = "gnu++0x";
				CLANG_CXX_LIBRARY = "libc++";
				CLANG_ENABLE_MODULES = YES;
				CLANG_ENABLE_OBJC_ARC = YES;
				CLANG_WARN_BOOL_CONVERSION = YES;
				CLANG_WARN_CONSTANT_CONVERSION = YES;
				CLANG_WARN_DIRECT_OBJC_ISA_USAGE = YES_ERROR;
				CLANG_WARN_DOCUMENTATION_COMMENTS = YES;
				CLANG_WARN_EMPTY_BODY = YES;
				CLANG_WARN_ENUM_CONVERSION = YES;
				CLANG_WARN_INFINITE_RECURSION = YES;
				CLANG_WARN_INT_CONVERSION = YES;
				CLANG_WARN_OBJC_ROOT_CLASS = YES_ERROR;
				CLANG_WARN_SUSPICIOUS_MOVE = YES;
				CLANG_WARN_UNREACHABLE_CODE = YES;
				CLANG_WARN__DUPLICATE_METHOD_MATCH = YES;
				"CODE_SIGN_IDENTITY[sdk=iphoneos*]" = "iPhone Developer";
				COPY_PHASE_STRIP = NO;
				DEBUG_INFORMATION_FORMAT = "dwarf-with-dsym";
				ENABLE_NS_ASSERTIONS = NO;
				ENABLE_STRICT_OBJC_MSGSEND = YES;
				GCC_C_LANGUAGE_STANDARD = gnu99;
				GCC_NO_COMMON_BLOCKS = YES;
				GCC_WARN_64_TO_32_BIT_CONVERSION = YES;
				GCC_WARN_ABOUT_RETURN_TYPE = YES_ERROR;
				GCC_WARN_UNDECLARED_SELECTOR = YES;
				GCC_WARN_UNINITIALIZED_AUTOS = YES_AGGRESSIVE;
				GCC_WARN_UNUSED_FUNCTION = YES;
				GCC_WARN_UNUSED_VARIABLE = YES;
				IPHONEOS_DEPLOYMENT_TARGET = 10.3;
				MTL_ENABLE_DEBUG_INFO = NO;
				SDKROOT = iphoneos;
				VALIDATE_PRODUCT = YES;
			};
			name = Release;
		};
		1AE7FD451F18B466002666DA /* Debug */ = {
			isa = XCBuildConfiguration;
			baseConfigurationReference = 498D707326E41C64291E0639 /* Pods-StickFigure.debug.xcconfig */;
			buildSettings = {
				ASSETCATALOG_COMPILER_APPICON_NAME = AppIcon;
				DEVELOPMENT_TEAM = VB8H46N7M3;
				GCC_PREFIX_HEADER = "StickFigure/StickFigure-Prefix.pch";
				INFOPLIST_FILE = StickFigure/Info.plist;
				LD_RUNPATH_SEARCH_PATHS = "$(inherited) @executable_path/Frameworks";
				PRODUCT_BUNDLE_IDENTIFIER = com.StickFigure;
				PRODUCT_NAME = "$(TARGET_NAME)";
			};
			name = Debug;
		};
		1AE7FD461F18B466002666DA /* Release */ = {
			isa = XCBuildConfiguration;
			baseConfigurationReference = 800C73853689F6A2CD59C59E /* Pods-StickFigure.release.xcconfig */;
			buildSettings = {
				ASSETCATALOG_COMPILER_APPICON_NAME = AppIcon;
				DEVELOPMENT_TEAM = VB8H46N7M3;
				GCC_PREFIX_HEADER = "StickFigure/StickFigure-Prefix.pch";
				INFOPLIST_FILE = StickFigure/Info.plist;
				LD_RUNPATH_SEARCH_PATHS = "$(inherited) @executable_path/Frameworks";
				PRODUCT_BUNDLE_IDENTIFIER = com.StickFigure;
				PRODUCT_NAME = "$(TARGET_NAME)";
			};
			name = Release;
		};
		1AE7FD481F18B466002666DA /* Debug */ = {
			isa = XCBuildConfiguration;
			buildSettings = {
				BUNDLE_LOADER = "$(TEST_HOST)";
				DEVELOPMENT_TEAM = VB8H46N7M3;
				INFOPLIST_FILE = StickFigureTests/Info.plist;
				LD_RUNPATH_SEARCH_PATHS = "$(inherited) @executable_path/Frameworks @loader_path/Frameworks";
				PRODUCT_BUNDLE_IDENTIFIER = "-01.StickFigureTests";
				PRODUCT_NAME = "$(TARGET_NAME)";
				TEST_HOST = "$(BUILT_PRODUCTS_DIR)/StickFigure.app/StickFigure";
			};
			name = Debug;
		};
		1AE7FD491F18B466002666DA /* Release */ = {
			isa = XCBuildConfiguration;
			buildSettings = {
				BUNDLE_LOADER = "$(TEST_HOST)";
				DEVELOPMENT_TEAM = VB8H46N7M3;
				INFOPLIST_FILE = StickFigureTests/Info.plist;
				LD_RUNPATH_SEARCH_PATHS = "$(inherited) @executable_path/Frameworks @loader_path/Frameworks";
				PRODUCT_BUNDLE_IDENTIFIER = "-01.StickFigureTests";
				PRODUCT_NAME = "$(TARGET_NAME)";
				TEST_HOST = "$(BUILT_PRODUCTS_DIR)/StickFigure.app/StickFigure";
			};
			name = Release;
		};
		1AE7FD4B1F18B466002666DA /* Debug */ = {
			isa = XCBuildConfiguration;
			buildSettings = {
				DEVELOPMENT_TEAM = VB8H46N7M3;
				INFOPLIST_FILE = StickFigureUITests/Info.plist;
				LD_RUNPATH_SEARCH_PATHS = "$(inherited) @executable_path/Frameworks @loader_path/Frameworks";
				PRODUCT_BUNDLE_IDENTIFIER = "-01.StickFigureUITests";
				PRODUCT_NAME = "$(TARGET_NAME)";
				TEST_TARGET_NAME = StickFigure;
			};
			name = Debug;
		};
		1AE7FD4C1F18B466002666DA /* Release */ = {
			isa = XCBuildConfiguration;
			buildSettings = {
				DEVELOPMENT_TEAM = VB8H46N7M3;
				INFOPLIST_FILE = StickFigureUITests/Info.plist;
				LD_RUNPATH_SEARCH_PATHS = "$(inherited) @executable_path/Frameworks @loader_path/Frameworks";
				PRODUCT_BUNDLE_IDENTIFIER = "-01.StickFigureUITests";
				PRODUCT_NAME = "$(TARGET_NAME)";
				TEST_TARGET_NAME = StickFigure;
			};
			name = Release;
		};
/* End XCBuildConfiguration section */

/* Begin XCConfigurationList section */
		1AE7FD121F18B466002666DA /* Build configuration list for PBXProject "StickFigure" */ = {
			isa = XCConfigurationList;
			buildConfigurations = (
				1AE7FD421F18B466002666DA /* Debug */,
				1AE7FD431F18B466002666DA /* Release */,
			);
			defaultConfigurationIsVisible = 0;
			defaultConfigurationName = Release;
		};
		1AE7FD441F18B466002666DA /* Build configuration list for PBXNativeTarget "StickFigure" */ = {
			isa = XCConfigurationList;
			buildConfigurations = (
				1AE7FD451F18B466002666DA /* Debug */,
				1AE7FD461F18B466002666DA /* Release */,
			);
			defaultConfigurationIsVisible = 0;
			defaultConfigurationName = Release;
		};
		1AE7FD471F18B466002666DA /* Build configuration list for PBXNativeTarget "StickFigureTests" */ = {
			isa = XCConfigurationList;
			buildConfigurations = (
				1AE7FD481F18B466002666DA /* Debug */,
				1AE7FD491F18B466002666DA /* Release */,
			);
			defaultConfigurationIsVisible = 0;
			defaultConfigurationName = Release;
		};
		1AE7FD4A1F18B466002666DA /* Build configuration list for PBXNativeTarget "StickFigureUITests" */ = {
			isa = XCConfigurationList;
			buildConfigurations = (
				1AE7FD4B1F18B466002666DA /* Debug */,
				1AE7FD4C1F18B466002666DA /* Release */,
			);
			defaultConfigurationIsVisible = 0;
			defaultConfigurationName = Release;
		};
/* End XCConfigurationList section */
	};
	rootObject = 1AE7FD0F1F18B466002666DA /* Project object */;
}
